
Microsoft Visual Studio Solution File, Format Version 12.00
# Visual Studio Version 17
VisualStudioVersion = 17.8.34309.116
MinimumVisualStudioVersion = 10.0.40219.1
Project("{9A19103F-16F7-4668-BE54-9A1E7A4F7556}") = "Project1", "Project1\Project1.csproj", "{818DEB52-6032-474D-B3A3-1ABCC0E583FC}"
	ProjectSection(ProjectDependencies) = postProject
		{6CB8DE0D-2FEA-405B-BD06-9577C84A1949} = {6CB8DE0D-2FEA-405B-BD06-9577C84A1949}
	EndProjectSection
EndProject
Project("{FAE04EC0-301F-11D3-BF4B-00C04F79EFBC}") = "Project2", "Project2\Project2.csproj", "{6CB8DE0D-2FEA-405B-BD06-9577C84A1949}"
	ProjectSection(ProjectDependencies) = postProject
		{DA1EBC65-34DF-4F9E-91B2-188AA91728EF} = {DA1EBC65-34DF-4F9E-91B2-188AA91728EF}
	EndProjectSection
EndProject
Project("{FAE04EC0-301F-11D3-BF4B-00C04F79EFBC}") = "MyResources", "MyResources\MyResources.csproj", "{DA1EBC65-34DF-4F9E-91B2-188AA91728EF}"
EndProject
Global
	GlobalSection(SolutionConfigurationPlatforms) = preSolution
		Debug|Any CPU = Debug|Any CPU
		Release|Any CPU = Release|Any CPU
	EndGlobalSection
	GlobalSection(ProjectConfigurationPlatforms) = postSolution
		{818DEB52-6032-474D-B3A3-1ABCC0E583FC}.Debug|Any CPU.ActiveCfg = Debug|Any CPU
		{818DEB52-6032-474D-B3A3-1ABCC0E583FC}.Debug|Any CPU.Build.0 = Debug|Any CPU
		{818DEB52-6032-474D-B3A3-1ABCC0E583FC}.Debug|Any CPU.Deploy.0 = Debug|Any CPU
		{818DEB52-6032-474D-B3A3-1ABCC0E583FC}.Release|Any CPU.ActiveCfg = Release|Any CPU
		{818DEB52-6032-474D-B3A3-1ABCC0E583FC}.Release|Any CPU.Build.0 = Release|Any CPU
		{818DEB52-6032-474D-B3A3-1ABCC0E583FC}.Release|Any CPU.Deploy.0 = Release|Any CPU
		{6CB8DE0D-2FEA-405B-BD06-9577C84A1949}.Debug|Any CPU.ActiveCfg = Debug|Any CPU
		{6CB8DE0D-2FEA-405B-BD06-9577C84A1949}.Debug|Any CPU.Build.0 = Debug|Any CPU
		{6CB8DE0D-2FEA-405B-BD06-9577C84A1949}.Debug|Any CPU.Deploy.0 = Debug|Any CPU
		{6CB8DE0D-2FEA-405B-BD06-9577C84A1949}.Release|Any CPU.ActiveCfg = Release|Any CPU
		{6CB8DE0D-2FEA-405B-BD06-9577C84A1949}.Release|Any CPU.Build.0 = Release|Any CPU
		{6CB8DE0D-2FEA-405B-BD06-9577C84A1949}.Release|Any CPU.Deploy.0 = Release|Any CPU
		{DA1EBC65-34DF-4F9E-91B2-188AA91728EF}.Debug|Any CPU.ActiveCfg = Debug|Any CPU
		{DA1EBC65-34DF-4F9E-91B2-188AA91728EF}.Debug|Any CPU.Build.0 = Debug|Any CPU
		{DA1EBC65-34DF-4F9E-91B2-188AA91728EF}.Release|Any CPU.ActiveCfg = Release|Any CPU
		{DA1EBC65-34DF-4F9E-91B2-188AA91728EF}.Release|Any CPU.Build.0 = Release|Any CPU
	EndGlobalSection
	GlobalSection(SolutionProperties) = preSolution
		HideSolutionNode = FALSE
	EndGlobalSection
	GlobalSection(ExtensibilityGlobals) = postSolution
		SolutionGuid = {E9B625CC-28D0-46B7-A36E-679EE16BB48F}
	EndGlobalSection
EndGlobal
